
Microsoft Visual Studio Solution File, Format Version 12.00
# Visual Studio Version 17
VisualStudioVersion = 17.5.33516.290
MinimumVisualStudioVersion = 10.0.40219.1
Project("{FAE04EC0-301F-11D3-BF4B-00C04F79EFBC}") = "CustomTextBox", "CustomTextBox\CustomTextBox.csproj", "{AE353080-0D2A-4887-9137-A67863B2E316}"
EndProject
Global
	GlobalSection(SolutionConfigurationPlatforms) = preSolution
		Debug|Any CPU = Debug|Any CPU
		Release|Any CPU = Release|Any CPU
	EndGlobalSection
	GlobalSection(ProjectConfigurationPlatforms) = postSolution
		{AE353080-0D2A-4887-9137-A67863B2E316}.Debug|Any CPU.ActiveCfg = Debug|Any CPU
		{AE353080-0D2A-4887-9137-A67863B2E316}.Debug|Any CPU.Build.0 = Debug|Any CPU
		{AE353080-0D2A-4887-9137-A67863B2E316}.Release|Any CPU.ActiveCfg = Release|Any CPU
		{AE353080-0D2A-4887-9137-A67863B2E316}.Release|Any CPU.Build.0 = Release|Any CPU
	EndGlobalSection
	GlobalSection(SolutionProperties) = preSolution
		HideSolutionNode = FALSE
	EndGlobalSection
	GlobalSection(ExtensibilityGlobals) = postSolution
		SolutionGuid = {C7E27F3C-C519-41D7-B54D-E567A4114E41}
	EndGlobalSection
EndGlobal
